
Microsoft Visual Studio Solution File, Format Version 12.00
# Visual Studio Version 16
VisualStudioVersion = 16.0.31205.134
MinimumVisualStudioVersion = 10.0.40219.1
Project("{FAE04EC0-301F-11D3-BF4B-00C04F79EFBC}") = "WinFormFakebookWithMVP", "WinFormFakebookWithMVP\WinFormFakebookWithMVP.csproj", "{2991E5B0-38DE-44A2-B310-8C2440C041D9}"
EndProject
Global
	GlobalSection(SolutionConfigurationPlatforms) = preSolution
		Debug|Any CPU = Debug|Any CPU
		Release|Any CPU = Release|Any CPU
	EndGlobalSection
	GlobalSection(ProjectConfigurationPlatforms) = postSolution
		{2991E5B0-38DE-44A2-B310-8C2440C041D9}.Debug|Any CPU.ActiveCfg = Debug|Any CPU
		{2991E5B0-38DE-44A2-B310-8C2440C041D9}.Debug|Any CPU.Build.0 = Debug|Any CPU
		{2991E5B0-38DE-44A2-B310-8C2440C041D9}.Release|Any CPU.ActiveCfg = Release|Any CPU
		{2991E5B0-38DE-44A2-B310-8C2440C041D9}.Release|Any CPU.Build.0 = Release|Any CPU
	EndGlobalSection
	GlobalSection(SolutionProperties) = preSolution
		HideSolutionNode = FALSE
	EndGlobalSection
	GlobalSection(ExtensibilityGlobals) = postSolution
		SolutionGuid = {20EC4C8C-8632-493A-A05D-0147875AD4D3}
	EndGlobalSection
EndGlobal
